
Microsoft Visual Studio Solution File, Format Version 12.00
# Visual Studio Version 17
VisualStudioVersion = 17.0.31903.59
MinimumVisualStudioVersion = 10.0.40219.1
Project("{2150E333-8FDC-42A3-9474-1A3956D46DE8}") = "src", "src", "{827E0CD3-B72D-47B6-A68D-7590B98EB39B}"
EndProject
Project("{FAE04EC0-301F-11D3-BF4B-00C04F79EFBC}") = "FluentCompare", "src\FluentCompare\FluentCompare.csproj", "{37E90561-DC1E-45F9-8BD0-377FF6935FE5}"
EndProject
Project("{2150E333-8FDC-42A3-9474-1A3956D46DE8}") = "test", "test", "{0C88DD14-F956-CE84-757C-A364CCF449FC}"
EndProject
Project("{FAE04EC0-301F-11D3-BF4B-00C04F79EFBC}") = "FluentCompare.UnitTests", "test\FluentCompare.UnitTests\FluentCompare.UnitTests.csproj", "{2E7803D3-29CD-40AF-8F3E-7F4B0A0AF12E}"
EndProject
Project("{2150E333-8FDC-42A3-9474-1A3956D46DE8}") = "Solution Items", "Solution Items", "{8EC462FD-D22E-90A8-E5CE-7E832BA40C5D}"
	ProjectSection(SolutionItems) = preProject
		.editorconfig = .editorconfig
	EndProjectSection
EndProject
Project("{FAE04EC0-301F-11D3-BF4B-00C04F79EFBC}") = "FluentCompare.SolutionComparison.Tests", "test\FluentCompare.SolutionComparison.Tests\FluentCompare.SolutionComparison.Tests.csproj", "{A7E871CB-D354-424F-8A31-CAF15CB768C4}"
EndProject
Project("{D954291E-2A0B-460D-934E-DC6B0785DB48}") = "FluentCompare.Tests.Shared", "test\FluentCompare.Tests.Shared\FluentCompare.Tests.Shared.shproj", "{25EA070A-EB0B-4902-87A6-C07742F1699A}"
EndProject
Project("{FAE04EC0-301F-11D3-BF4B-00C04F79EFBC}") = "FluentCompare.Benchmarks", "test\FluentCompare.Benchmarks\FluentCompare.Benchmarks.csproj", "{3A404F80-473C-4488-B96B-209B23AA1EEE}"
EndProject
Global
	GlobalSection(SolutionConfigurationPlatforms) = preSolution
		Debug|Any CPU = Debug|Any CPU
		Debug|x64 = Debug|x64
		Debug|x86 = Debug|x86
		Release|Any CPU = Release|Any CPU
		Release|x64 = Release|x64
		Release|x86 = Release|x86
	EndGlobalSection
	GlobalSection(ProjectConfigurationPlatforms) = postSolution
		{37E90561-DC1E-45F9-8BD0-377FF6935FE5}.Debug|Any CPU.ActiveCfg = Debug|Any CPU
		{37E90561-DC1E-45F9-8BD0-377FF6935FE5}.Debug|Any CPU.Build.0 = Debug|Any CPU
		{37E90561-DC1E-45F9-8BD0-377FF6935FE5}.Debug|x64.ActiveCfg = Debug|Any CPU
		{37E90561-DC1E-45F9-8BD0-377FF6935FE5}.Debug|x64.Build.0 = Debug|Any CPU
		{37E90561-DC1E-45F9-8BD0-377FF6935FE5}.Debug|x86.ActiveCfg = Debug|Any CPU
		{37E90561-DC1E-45F9-8BD0-377FF6935FE5}.Debug|x86.Build.0 = Debug|Any CPU
		{37E90561-DC1E-45F9-8BD0-377FF6935FE5}.Release|Any CPU.ActiveCfg = Release|Any CPU
		{37E90561-DC1E-45F9-8BD0-377FF6935FE5}.Release|Any CPU.Build.0 = Release|Any CPU
		{37E90561-DC1E-45F9-8BD0-377FF6935FE5}.Release|x64.ActiveCfg = Release|Any CPU
		{37E90561-DC1E-45F9-8BD0-377FF6935FE5}.Release|x64.Build.0 = Release|Any CPU
		{37E90561-DC1E-45F9-8BD0-377FF6935FE5}.Release|x86.ActiveCfg = Release|Any CPU
		{37E90561-DC1E-45F9-8BD0-377FF6935FE5}.Release|x86.Build.0 = Release|Any CPU
		{2E7803D3-29CD-40AF-8F3E-7F4B0A0AF12E}.Debug|Any CPU.ActiveCfg = Debug|Any CPU
		{2E7803D3-29CD-40AF-8F3E-7F4B0A0AF12E}.Debug|Any CPU.Build.0 = Debug|Any CPU
		{2E7803D3-29CD-40AF-8F3E-7F4B0A0AF12E}.Debug|x64.ActiveCfg = Debug|Any CPU
		{2E7803D3-29CD-40AF-8F3E-7F4B0A0AF12E}.Debug|x64.Build.0 = Debug|Any CPU
		{2E7803D3-29CD-40AF-8F3E-7F4B0A0AF12E}.Debug|x86.ActiveCfg = Debug|Any CPU
		{2E7803D3-29CD-40AF-8F3E-7F4B0A0AF12E}.Debug|x86.Build.0 = Debug|Any CPU
		{2E7803D3-29CD-40AF-8F3E-7F4B0A0AF12E}.Release|Any CPU.ActiveCfg = Release|Any CPU
		{2E7803D3-29CD-40AF-8F3E-7F4B0A0AF12E}.Release|Any CPU.Build.0 = Release|Any CPU
		{2E7803D3-29CD-40AF-8F3E-7F4B0A0AF12E}.Release|x64.ActiveCfg = Release|Any CPU
		{2E7803D3-29CD-40AF-8F3E-7F4B0A0AF12E}.Release|x64.Build.0 = Release|Any CPU
		{2E7803D3-29CD-40AF-8F3E-7F4B0A0AF12E}.Release|x86.ActiveCfg = Release|Any CPU
		{2E7803D3-29CD-40AF-8F3E-7F4B0A0AF12E}.Release|x86.Build.0 = Release|Any CPU
		{A7E871CB-D354-424F-8A31-CAF15CB768C4}.Debug|Any CPU.ActiveCfg = Debug|Any CPU
		{A7E871CB-D354-424F-8A31-CAF15CB768C4}.Debug|Any CPU.Build.0 = Debug|Any CPU
		{A7E871CB-D354-424F-8A31-CAF15CB768C4}.Debug|x64.ActiveCfg = Debug|Any CPU
		{A7E871CB-D354-424F-8A31-CAF15CB768C4}.Debug|x64.Build.0 = Debug|Any CPU
		{A7E871CB-D354-424F-8A31-CAF15CB768C4}.Debug|x86.ActiveCfg = Debug|Any CPU
		{A7E871CB-D354-424F-8A31-CAF15CB768C4}.Debug|x86.Build.0 = Debug|Any CPU
		{A7E871CB-D354-424F-8A31-CAF15CB768C4}.Release|Any CPU.ActiveCfg = Release|Any CPU
		{A7E871CB-D354-424F-8A31-CAF15CB768C4}.Release|Any CPU.Build.0 = Release|Any CPU
		{A7E871CB-D354-424F-8A31-CAF15CB768C4}.Release|x64.ActiveCfg = Release|Any CPU
		{A7E871CB-D354-424F-8A31-CAF15CB768C4}.Release|x64.Build.0 = Release|Any CPU
		{A7E871CB-D354-424F-8A31-CAF15CB768C4}.Release|x86.ActiveCfg = Release|Any CPU
		{A7E871CB-D354-424F-8A31-CAF15CB768C4}.Release|x86.Build.0 = Release|Any CPU
		{3A404F80-473C-4488-B96B-209B23AA1EEE}.Debug|Any CPU.ActiveCfg = Debug|Any CPU
		{3A404F80-473C-4488-B96B-209B23AA1EEE}.Debug|Any CPU.Build.0 = Debug|Any CPU
		{3A404F80-473C-4488-B96B-209B23AA1EEE}.Debug|x64.ActiveCfg = Debug|Any CPU
		{3A404F80-473C-4488-B96B-209B23AA1EEE}.Debug|x64.Build.0 = Debug|Any CPU
		{3A404F80-473C-4488-B96B-209B23AA1EEE}.Debug|x86.ActiveCfg = Debug|Any CPU
		{3A404F80-473C-4488-B96B-209B23AA1EEE}.Debug|x86.Build.0 = Debug|Any CPU
		{3A404F80-473C-4488-B96B-209B23AA1EEE}.Release|Any CPU.ActiveCfg = Release|Any CPU
		{3A404F80-473C-4488-B96B-209B23AA1EEE}.Release|Any CPU.Build.0 = Release|Any CPU
		{3A404F80-473C-4488-B96B-209B23AA1EEE}.Release|x64.ActiveCfg = Release|Any CPU
		{3A404F80-473C-4488-B96B-209B23AA1EEE}.Release|x64.Build.0 = Release|Any CPU
		{3A404F80-473C-4488-B96B-209B23AA1EEE}.Release|x86.ActiveCfg = Release|Any CPU
		{3A404F80-473C-4488-B96B-209B23AA1EEE}.Release|x86.Build.0 = Release|Any CPU
	EndGlobalSection
	GlobalSection(SolutionProperties) = preSolution
		HideSolutionNode = FALSE
	EndGlobalSection
	GlobalSection(NestedProjects) = preSolution
		{37E90561-DC1E-45F9-8BD0-377FF6935FE5} = {827E0CD3-B72D-47B6-A68D-7590B98EB39B}
		{2E7803D3-29CD-40AF-8F3E-7F4B0A0AF12E} = {0C88DD14-F956-CE84-757C-A364CCF449FC}
		{A7E871CB-D354-424F-8A31-CAF15CB768C4} = {0C88DD14-F956-CE84-757C-A364CCF449FC}
		{25EA070A-EB0B-4902-87A6-C07742F1699A} = {0C88DD14-F956-CE84-757C-A364CCF449FC}
		{3A404F80-473C-4488-B96B-209B23AA1EEE} = {0C88DD14-F956-CE84-757C-A364CCF449FC}
	EndGlobalSection
	GlobalSection(ExtensibilityGlobals) = postSolution
		SolutionGuid = {8DB2F507-0A6E-44A6-80A4-150B11FB653B}
	EndGlobalSection
	GlobalSection(SharedMSBuildProjectFiles) = preSolution
		test\FluentCompare.Tests.Shared\FluentCompare.Tests.Shared.projitems*{25ea070a-eb0b-4902-87a6-c07742f1699a}*SharedItemsImports = 13
		test\FluentCompare.Tests.Shared\FluentCompare.Tests.Shared.projitems*{2e7803d3-29cd-40af-8f3e-7f4b0a0af12e}*SharedItemsImports = 5
		test\FluentCompare.Tests.Shared\FluentCompare.Tests.Shared.projitems*{a7e871cb-d354-424f-8a31-caf15cb768c4}*SharedItemsImports = 5
	EndGlobalSection
EndGlobal
